{
  "name": "test",
  "version": "1.0.0",
  "lockfileVersion": 3,
  "requires": true,
  "packages": {
    "": {
      "name": "test",
      "version": "1.0.0",
      "license": "ISC",
      "dependencies": {
        "@lspriv/wc-plugin-lunar": "^1.0.3-alpha.0",
        "@lspriv/wx-calendar": "^1.8.4",
        "ec-canvas": "^1.0.0",
        "tdesign-miniprogram": "^1.12.3"
      }
    },
    "node_modules/@lspriv/wc-plugin-lunar": {
      "version": "1.0.3-alpha.0",
      "resolved": "https://registry.npmmirror.com/@lspriv/wc-plugin-lunar/-/wc-plugin-lunar-1.0.3-alpha.0.tgz",
      "integrity": "sha512-SMExkscKOKgCW5+Q7+Y2gsbuDw/4sEbkPEfIpPnfDxmHhft+U3SwdmQPsVYTLaALUJQHTv3vXrO2FchRea+kPw==",
      "license": "MIT",
      "peerDependencies": {
        "@lspriv/wx-calendar": "^1.8.4-alpha.11"
      }
    },
    "node_modules/@lspriv/wx-calendar": {
      "version": "1.8.4",
      "resolved": "https://registry.npmmirror.com/@lspriv/wx-calendar/-/wx-calendar-1.8.4.tgz",
      "integrity": "sha512-TWDLGCpLfCrRtUiJJouU0ridF+coGgARbBvvdMjSryjVWW05vYmOHEj575I+xc6lk2yTDZ7ncbUSOUC8OijgOg==",
      "license": "MIT",
      "engines": {
        "node": ">=16.13.0"
      }
    },
    "node_modules/ec-canvas": {
      "version": "1.0.0",
      "resolved": "https://registry.npmmirror.com/ec-canvas/-/ec-canvas-1.0.0.tgz",
      "integrity": "sha512-iG/4yLcJMK8HL5xt/9alfMXg8zlDy5p9VPoX/MLbgFPJMH7THYkSfbk8HXzsTZbTTZFiOfvXHolDn/W2BLy/tg=="
    },
    "node_modules/tdesign-miniprogram": {
      "version": "1.12.3",
      "resolved": "https://registry.npmmirror.com/tdesign-miniprogram/-/tdesign-miniprogram-1.12.3.tgz",
      "integrity": "sha512-F4nMv/ph3yyq9bO4RrJuB9x9VWyKIN6lV1HqFaV4AsR0cpDoBYtGYLPOFejvj0MYDSntSHLMVe1nm0fqsXUaUQ==",
      "license": "MIT"
    }
  }
}
